{
  "name": "database",
  "lockfileVersion": 3,
  "requires": true,
  "packages": {
    "": {
      "dependencies": {
        "sigmatokens": "file:../.."
      }
    },
    "../..": {
      "name": "sigmatokens",
      "version": "1.0.0",
      "license": "ISC",
      "dependencies": {
        "@types/node": "^22.14.1",
        "cross-env": "^7.0.3",
        "ping": "^0.4.4",
        "recharts": "^2.15.3",
        "sqlite3": "^5.1.7",
        "ts-node": "^10.9.2",
        "typescript": "^5.8.3",
        "uuid": "^11.1.0"
      },
      "devDependencies": {
        "concurrently": "^9.1.2",
        "prettier": "3.5.3"
      }
    },
    "node_modules/sigmatokens": {
      "resolved": "../..",
      "link": true
    }
  }
}
