{
  "name": "database",
  "lockfileVersion": 3,
  "requires": true,
  "packages": {
    "": {
      "dependencies": {
        "sigmatokens": "file:.."
      }
    },
    "..": {
      "name": "sigmatokens",
      "version": "1.0.0",
      "license": "ISC",
      "dependencies": {
        "cross-env": "^7.0.3",
        "uuid": "^11.1.0"
      },
      "devDependencies": {
        "concurrently": "^9.1.2",
        "prettier": "3.5.3"
      }
    },
    "node_modules/sigmatokens": {
      "resolved": "..",
      "link": true
    }
  }
}
